dependencies:
- name: cas-postgres
  repository: https://bcgov.github.io/cas-postgres/
  version: 0.8.4
- name: mailhog
  repository: https://codecentric.github.io/helm-charts/
  version: 3.3.0
- name: cas-airflow-dag-trigger
  repository: https://bcgov.github.io/cas-airflow
  version: 1.0.7
- name: cas-airflow-dag-trigger
  repository: https://bcgov.github.io/cas-airflow
  version: 1.0.7
- name: cas-airflow-dag-trigger
  repository: https://bcgov.github.io/cas-airflow
  version: 1.0.7
- name: nginx-sidecar
  repository: https://bcgov.github.io/cas-template-app
  version: 0.1.12
digest: sha256:bfc589e80ce40eea666fd0a0102aed37f94e00323557c355ea9778820a5ac873
generated: "2023-05-12T15:40:26.643889932-07:00"
