dependencies:
- name: cas-postgres
  repository: https://bcgov.github.io/cas-postgres/
  version: 0.8.0
- name: mailhog
  repository: https://codecentric.github.io/helm-charts/
  version: 3.3.0
digest: sha256:36207493d825d93bb6970a7d8a558661a3897af35a990a8fbb4c10433862a5ad
generated: "2021-03-05T14:44:48.091672-08:00"
